PODS:
  - FBSnapshotTestCase (2.1.4):
    - FBSnapshotTestCase/SwiftSupport (= 2.1.4)
  - FBSnapshotTestCase/Core (2.1.4)
  - FBSnapshotTestCase/SwiftSupport (2.1.4):
    - FBSnapshotTestCase/Core
  - SuCommon (0.1.0)

DEPENDENCIES:
  - FBSnapshotTestCase
  - SuCommon (from `../`)

SPEC REPOS:
  trunk:
    - FBSnapshotTestCase

EXTERNAL SOURCES:
  SuCommon:
    :path: "../"

SPEC CHECKSUMS:
  FBSnapshotTestCase: 094f9f314decbabe373b87cc339bea235a63e07a
  SuCommon: a3b5f4e760ed2b8e44c01214bbd1aae801854cf2

PODFILE CHECKSUM: 299a59bd4bb3e77e1f61966e38490dc32baded08

COCOAPODS: 1.9.3
